
Microsoft Visual Studio Solution File, Format Version 12.00
# Visual Studio Version 16
VisualStudioVersion = 16.0.29102.190
MinimumVisualStudioVersion = 10.0.40219.1
Project("{FAE04EC0-301F-11D3-BF4B-00C04F79EFBC}") = "UnitTestProject1", "UnitTestProject1\UnitTestProject1.csproj", "{0B7D3053-C54F-46F9-838F-8C8F4A19A289}"
EndProject
Global
	GlobalSection(SolutionConfigurationPlatforms) = preSolution
		Debug|Any CPU = Debug|Any CPU
		Release|Any CPU = Release|Any CPU
	EndGlobalSection
	GlobalSection(ProjectConfigurationPlatforms) = postSolution
		{0B7D3053-C54F-46F9-838F-8C8F4A19A289}.Debug|Any CPU.ActiveCfg = Debug|Any CPU
		{0B7D3053-C54F-46F9-838F-8C8F4A19A289}.Debug|Any CPU.Build.0 = Debug|Any CPU
		{0B7D3053-C54F-46F9-838F-8C8F4A19A289}.Release|Any CPU.ActiveCfg = Release|Any CPU
		{0B7D3053-C54F-46F9-838F-8C8F4A19A289}.Release|Any CPU.Build.0 = Release|Any CPU
	EndGlobalSection
	GlobalSection(SolutionProperties) = preSolution
		HideSolutionNode = FALSE
	EndGlobalSection
	GlobalSection(ExtensibilityGlobals) = postSolution
		SolutionGuid = {435653A3-4370-46F4-9A06-37F595E0678D}
	EndGlobalSection
EndGlobal
